<?xml version="1.0" encoding="utf-8"?>
<Project ToolsVersion="4.0" xmlns="http://schemas.microsoft.com/developer/msbuild/2003">
  <ItemGroup>
    <ClCompile Include="Unreal\Misc\Encryption\AES.cpp" />
    <ClCompile Include="Unreal\Misc\Hashing\CityHash.cpp" />
    <ClCompile Include="Unreal\Core\Class.cpp" />
    <ClCompile Include="Unreal\Misc\Compression\GlobalCompression.cpp" />
    <ClCompile Include="Dataminer\DataminerMounting.cpp" />
    <ClCompile Include="Unreal\Serialization\Archives.cpp" />
    <ClCompile Include="Dataminer\Dataminer.cpp" />
    <ClCompile Include="Unreal\Core\Globals\GameFileManager.cpp" />
    <ClCompile Include="Unreal\Files\IOStore\Toc\GlobalTocData.cpp" />
    <ClCompile Include="Unreal\Files\IOStore\Misc\IoChunkId.cpp" />
    <ClCompile Include="Unreal\Files\IOStore\Misc\IoStoreReader.cpp" />
    <ClCompile Include="Unreal\Files\IOStore\Toc\IoStoreToc.cpp" />
    <ClCompile Include="Unreal\Files\IOStore\Toc\IoTocResource.cpp" />
    <ClCompile Include="Unreal\Files\Loading.cpp" />
    <ClCompile Include="Unreal\Misc\Compression\Oodle.cpp" />
    <ClCompile Include="Unreal\Files\Paks\PakFile.cpp" />
    <ClCompile Include="Unreal\Files\Paks\PakReader.cpp" />
    <ClCompile Include="Unreal\Misc\Localization\Text.cpp" />
    <ClCompile Include="Unreal\Core\UObject.cpp" />
    <ClCompile Include="Unreal\Files\Packaging\Zen\ZenPackage.cpp" />
    <ClCompile Include="Unreal\Misc\Versioning\PackageFileVersion.cpp" />
    <ClCompile Include="Unreal\Misc\Versioning\CustomVersion.cpp" />
    <ClCompile Include="Unreal\Misc\Encryption\EncryptionKeyManager.cpp" />
    <ClCompile Include="Unreal\Files\Paks\PakInfo.cpp" />
    <ClCompile Include="Unreal\Files\Paks\PakEntry.cpp" />
    <ClCompile Include="Unreal\Files\Packaging\PackageId.cpp" />
    <ClCompile Include="Unreal\Core\Names\Name.cpp" />
    <ClCompile Include="Unreal\Files\IOStore\Container\IoContainerId.cpp" />
    <ClCompile Include="Unreal\Files\IOStore\Container\IoContainerHeader.cpp" />
    <ClCompile Include="Unreal\Files\IOStore\Container\IoContainer.cpp" />
    <ClCompile Include="Unreal\Files\IOStore\Misc\IoDirectoryIndex.cpp" />
    <ClCompile Include="Unreal\Files\IOStore\Misc\IoOffsetAndLength.cpp" />
    <ClCompile Include="Unreal\Serialization\Impl\BorrowedArchive.cpp" />
    <ClCompile Include="Unreal\Files\Packaging\PackageSummary.cpp" />
    <ClCompile Include="Unreal\Serialization\Properties\Unversioned.cpp" />
    <ClCompile Include="Unreal\Core\Reflection\Mappings.cpp" />
    <ClCompile Include="Dataminer\DataminerInitialization.cpp" />
    <ClCompile Include="Dataminer\DataminerLoading.cpp" />
    <ClCompile Include="Unreal\Core\Reflection\Properties\DelegateProperty.cpp" />
    <ClCompile Include="Unreal\Files\Packaging\PackageIndex.cpp" />
    <ClCompile Include="Unreal\Core\Reflection\Properties\ArrayProperty.cpp" />
    <ClCompile Include="Unreal\Core\Reflection\Properties\ObjectProperty.cpp" />
    <ClCompile Include="Unreal\Core\Reflection\Properties\SoftObjectProperty.cpp" />
    <ClCompile Include="Unreal\Core\Reflection\Properties\StructProperty.cpp" />
    <ClCompile Include="Unreal\Core\Reflection\Properties\TextProperty.cpp" />
    <ClCompile Include="Unreal\Core\Reflection\Properties\NameProperty.cpp" />
    <ClCompile Include="Unreal\Core\Reflection\Properties\EnumProperty.cpp" />
    <ClCompile Include="Unreal\Core\Reflection\Properties\BoolProperty.cpp" />
    <ClCompile Include="Unreal\Core\UObject.ixx" />
    <ClCompile Include="Unreal\Core\UClass.ixx" />
    <ClCompile Include="Unreal\Core\Reflection\FProperty.ixx" />
    <ClCompile Include="Unreal\Serialization\FArchive.ixx" />
    <ClCompile Include="Unreal\Misc\Versioning\PackageFileVersion.ixx" />
    <ClCompile Include="Unreal\Misc\Versioning\EngineVersion.ixx" />
    <ClCompile Include="Unreal\Core\Reflection\PropertyValue.ixx" />
    <ClCompile Include="Unreal\Core\Globals\GlobalContext.ixx" />
    <ClCompile Include="Unreal\Core\Globals\GameFileManager.ixx" />
    <ClCompile Include="Unreal\Files\DiskFile.ixx" />
    <ClCompile Include="Unreal\Files\FileEntry.ixx" />
    <ClCompile Include="Unreal\Files\Paks\PakEntryLocation.ixx" />
    <ClCompile Include="Unreal\Core\Reflection\Mappings.ixx" />
    <ClCompile Include="Unreal\Serialization\Impl\MemoryReader.ixx" />
    <ClCompile Include="Unreal\Serialization\Impl\FileReader.ixx" />
    <ClCompile Include="Unreal\Serialization\Impl\BorrowedArchive.ixx" />
    <ClCompile Include="Unreal\Structs\Math\Box.ixx" />
    <ClCompile Include="Unreal\Structs\Math\Vector.ixx" />
    <ClCompile Include="Unreal\Structs\Misc\DateTime.ixx" />
    <ClCompile Include="Unreal\Core\Names\Name.ixx" />
    <ClCompile Include="Unreal\Structs\Tags\GameplayTag.ixx" />
    <ClCompile Include="Unreal\Structs\Tags\GameplayTagContainer.ixx" />
    <ClCompile Include="Logging.ixx" />
    <ClCompile Include="Unreal\Misc\Guid.ixx" />
    <ClCompile Include="Unreal\Misc\Versioning\CustomVersion.ixx" />
    <ClCompile Include="Unreal\Misc\Versioning\FileVersion.cpp" />
    <ClCompile Include="Unreal\Core\Names\MappedName.ixx" />
    <ClCompile Include="Unreal\Core\Names\NameMap.ixx" />
    <ClCompile Include="Unreal\Serialization\Properties\Unversioned.ixx" />
    <ClCompile Include="Unreal\Core\Reflection\PropertyIterator.ixx" />
    <ClCompile Include="Unreal\Misc\Compression\Oodle.ixx" />
    <ClCompile Include="Unreal\Misc\Compression\GlobalCompression.ixx" />
    <ClCompile Include="Unreal\Misc\Delegates\ScriptDelegate.ixx" />
    <ClCompile Include="Unreal\Misc\Delegates\MulticastScriptDelegate.ixx" />
    <ClCompile Include="Unreal\Misc\Encryption\AES.ixx" />
    <ClCompile Include="Unreal\Misc\Encryption\EncryptionKeyManager.ixx" />
    <ClCompile Include="Unreal\Misc\Hashing\CityHash.ixx" />
    <ClCompile Include="Unreal\Misc\Hashing\IoChunkHash.ixx" />
    <ClCompile Include="Unreal\Misc\Hashing\ShaHash.ixx" />
    <ClCompile Include="Unreal\Misc\Localization\Text.ixx" />
    <ClCompile Include="Unreal\Files\SerializableFile.ixx" />
    <ClCompile Include="Unreal\Misc\Localization\Localization.ixx" />
    <ClCompile Include="Unreal\Misc\Paths\TopLevelAssetPath.ixx" />
    <ClCompile Include="Unreal\Misc\Paths\SoftObjectPath.ixx" />
  </ItemGroup>
  <ItemGroup>
    <ClInclude Include="Dataminer\Dataminer.h" />
    <ClInclude Include="Unreal\Files\IOStore\Toc\GlobalTocData.h" />
    <ClInclude Include="Unreal\Files\IOStore\Misc\IoChunkId.h" />
    <ClInclude Include="Unreal\Files\IOStore\Container\IoContainer.h" />
    <ClInclude Include="Unreal\Files\IOStore\Container\IoContainerHeader.h" />
    <ClInclude Include="Unreal\Files\IOStore\Misc\IoDirectoryIndex.h" />
    <ClInclude Include="Unreal\Files\IOStore\Misc\IoStoreReader.h" />
    <ClInclude Include="Unreal\Files\IOStore\Toc\IoTocResource.h" />
    <ClInclude Include="Unreal\Files\Packaging\LazyPackageObject.h" />
    <ClInclude Include="Unreal\Files\Loader.h" />
    <ClInclude Include="Unreal\Files\Packaging\PackageSummary.h" />
    <ClInclude Include="Unreal\Files\Paks\PakReader.h" />
    <ClInclude Include="Unreal\Files\Packaging\Package.h" />
    <ClInclude Include="Unreal\Files\Paks\PakFile.h" />
    <ClInclude Include="Unreal\Files\Packaging\Zen\ZenData.h" />
    <ClInclude Include="Unreal\Files\Packaging\Zen\ZenPackage.h" />
    <ClInclude Include="Unreal\Files\Packaging\PackageObjectIndex.h" />
    <ClInclude Include="Unreal\Files\IOStore\Toc\IoStoreToc.h" />
    <ClInclude Include="Unreal\Core\Defines.h" />
    <ClInclude Include="Unreal\Misc\Versioning\CustomVersion.h" />
    <ClInclude Include="Unreal\Files\Paks\PakInfo.h" />
    <ClInclude Include="Unreal\Files\Paks\PakEntry.h" />
    <ClInclude Include="Unreal\Files\Packaging\PackageId.h" />
    <ClInclude Include="Unreal\Files\IOStore\Container\IoContainerId.h" />
    <ClInclude Include="Unreal\Files\IOStore\Misc\IoOffsetAndLength.h" />
    <ClInclude Include="Unreal\Files\IOStore\Toc\TocCompressedBlock.h" />
    <ClInclude Include="Unreal\Files\Packaging\PackageFlags.h" />
    <ClInclude Include="Unreal\Files\IOStore\Misc\ScriptObjectEntry.h" />
    <ClInclude Include="Unreal\Core\Reflection\Property.h" />
    <ClInclude Include="Unreal\Core\Reflection\Properties\PropertyTypes.h" />
    <ClInclude Include="Unreal\Core\Reflection\Properties\EnumProperty.h" />
    <ClInclude Include="Unreal\Core\Reflection\Properties\StructProperty.h" />
    <ClInclude Include="Unreal\Core\Reflection\Properties\ArrayProperty.h" />
    <ClInclude Include="Unreal\Core\Reflection\Properties\SetProperty.h" />
    <ClInclude Include="Unreal\Core\Reflection\Properties\MapProperty.h" />
    <ClInclude Include="Unreal\Core\Reflection\Properties\ObjectProperty.h" />
    <ClInclude Include="Unreal\Core\Reflection\Properties\BoolProperty.h" />
    <ClInclude Include="Unreal\Core\Reflection\PropertyType.h" />
    <ClInclude Include="Unreal\Core\Reflection\Properties\MulticastDelegateProperty.h" />
    <ClInclude Include="Unreal\Files\Packaging\PackageIndex.h" />
    <ClInclude Include="Unreal\Core\Reflection\Properties\DelegateProperty.h" />
    <ClInclude Include="Unreal\Core\Reflection\Properties\SoftObjectProperty.h" />
    <ClInclude Include="Unreal\Core\Reflection\Properties\TextProperty.h" />
    <ClInclude Include="Unreal\Core\Reflection\Properties\NumericProperty.h" />
    <ClInclude Include="Unreal\Core\Reflection\Properties\NameProperty.h" />
    <ClInclude Include="Unreal\Misc\Hashing\Map.h" />
    <ClInclude Include="Unreal\Misc\Multithreading\Lock.h" />
  </ItemGroup>
</Project>