<?xml version="1.0" encoding="utf-8"?>
<Project ToolsVersion="4.0" xmlns="http://schemas.microsoft.com/developer/msbuild/2003">
  <ItemGroup>
    <Filter Include="Dataminer">
      <UniqueIdentifier>{6df75fb9-3f67-46fc-adaa-10526d7c7a86}</UniqueIdentifier>
    </Filter>
    <Filter Include="Unreal">
      <UniqueIdentifier>{928aedde-9078-49a1-9c68-2b4ac37b9e81}</UniqueIdentifier>
    </Filter>
    <Filter Include="Unreal\Core">
      <UniqueIdentifier>{e8c5e81d-2ed8-44e2-a99f-1fa9cd05f562}</UniqueIdentifier>
    </Filter>
    <Filter Include="Unreal\Pak Reading">
      <UniqueIdentifier>{2f917995-0432-4be4-8211-0153af061133}</UniqueIdentifier>
    </Filter>
    <Filter Include="Unreal\Pak Reading\IOStore">
      <UniqueIdentifier>{f3d60f32-9902-41d3-8bed-7add150502bb}</UniqueIdentifier>
    </Filter>
    <Filter Include="Unreal\Pak Reading\IOStore\Definitions">
      <UniqueIdentifier>{3f6d7f89-087e-441f-8383-2501e4be38d2}</UniqueIdentifier>
    </Filter>
    <Filter Include="Unreal\Pak Reading\Pak Files">
      <UniqueIdentifier>{22770491-38f0-4ec9-bac3-e89a349f20fc}</UniqueIdentifier>
    </Filter>
    <Filter Include="Unreal\Core\Misc">
      <UniqueIdentifier>{7e4cb8ca-4d75-465a-a596-1c13a3d38c1e}</UniqueIdentifier>
    </Filter>
    <Filter Include="Unreal\Core\Misc\AES">
      <UniqueIdentifier>{dddebff6-707d-4e64-9471-d18d48aa68de}</UniqueIdentifier>
    </Filter>
    <Filter Include="Reading/Writing Util">
      <UniqueIdentifier>{f6aad2f6-c2d0-42c8-ac2f-e0c6eff3ea1b}</UniqueIdentifier>
    </Filter>
    <Filter Include="Unreal\Archives">
      <UniqueIdentifier>{23e95c8a-fcfa-4bfa-820a-7aba856d46c8}</UniqueIdentifier>
    </Filter>
    <Filter Include="Unreal\Archives\Derived">
      <UniqueIdentifier>{c86b2f85-3ca1-4265-a0ba-fdcd5a060514}</UniqueIdentifier>
    </Filter>
    <Filter Include="Unreal\Archives\Derived\ArchiveFileReader">
      <UniqueIdentifier>{4148ebe9-62cc-46a8-9a9b-997f17dfb021}</UniqueIdentifier>
    </Filter>
  </ItemGroup>
  <ItemGroup>
    <ClInclude Include="Dataminer.h">
      <Filter>Dataminer</Filter>
    </ClInclude>
    <ClInclude Include="CoreTypes.h">
      <Filter>Unreal\Core</Filter>
    </ClInclude>
    <ClInclude Include="Archives.h">
      <Filter>Unreal\Archives</Filter>
    </ClInclude>
    <ClInclude Include="Enums.h">
      <Filter>Unreal\Core</Filter>
    </ClInclude>
    <ClInclude Include="Hashing.h">
      <Filter>Unreal\Core\Misc</Filter>
    </ClInclude>
    <ClInclude Include="IOStore.h">
      <Filter>Unreal\Pak Reading\IOStore</Filter>
    </ClInclude>
    <ClInclude Include="PakFiles.h">
      <Filter>Unreal\Pak Reading\Pak Files</Filter>
    </ClInclude>
    <ClInclude Include="BinaryReader.h">
      <Filter>Reading/Writing Util</Filter>
    </ClInclude>
    <ClInclude Include="Versioning.h">
      <Filter>Unreal\Core\Misc</Filter>
    </ClInclude>
    <ClInclude Include="AES.h">
      <Filter>Unreal\Core\Misc\AES</Filter>
    </ClInclude>
    <ClInclude Include="IOStoreReader.h">
      <Filter>Unreal\Pak Reading\IOStore</Filter>
    </ClInclude>
    <ClInclude Include="MemoryUtil.h">
      <Filter>Reading/Writing Util</Filter>
    </ClInclude>
    <ClInclude Include="MemoryReader.h">
      <Filter>Unreal\Archives\Derived</Filter>
    </ClInclude>
    <ClInclude Include="ArchiveFileReaderGeneric.h">
      <Filter>Unreal\Archives\Derived\ArchiveFileReader</Filter>
    </ClInclude>
  </ItemGroup>
  <ItemGroup>
    <ClCompile Include="Dataminer.cpp">
      <Filter>Dataminer</Filter>
    </ClCompile>
    <ClCompile Include="PakFiles.cpp">
      <Filter>Unreal\Pak Reading\Pak Files</Filter>
    </ClCompile>
    <ClCompile Include="CoreDefinitions.cpp">
      <Filter>Unreal\Core</Filter>
    </ClCompile>
    <ClCompile Include="IoStore.cpp">
      <Filter>Unreal\Pak Reading\IOStore\Definitions</Filter>
    </ClCompile>
    <ClCompile Include="IoBuffer.cpp">
      <Filter>Unreal\Pak Reading\IOStore\Definitions</Filter>
    </ClCompile>
    <ClCompile Include="AES.cpp">
      <Filter>Unreal\Core\Misc\AES</Filter>
    </ClCompile>
    <ClCompile Include="IoStoreReader.cpp">
      <Filter>Unreal\Pak Reading\IOStore\Definitions</Filter>
    </ClCompile>
    <ClCompile Include="Archives.cpp">
      <Filter>Unreal\Archives</Filter>
    </ClCompile>
    <ClCompile Include="ArchiveSerialization.cpp">
      <Filter>Unreal\Archives</Filter>
    </ClCompile>
    <ClCompile Include="ArchiveFileReaderGeneric.cpp">
      <Filter>Unreal\Archives\Derived\ArchiveFileReader</Filter>
    </ClCompile>
  </ItemGroup>
</Project>